
Microsoft Visual Studio Solution File, Format Version 12.00
# Visual Studio Version 16
VisualStudioVersion = 16.0.34407.143
MinimumVisualStudioVersion = 10.0.40219.1
Project("{FAE04EC0-301F-11D3-BF4B-00C04F79EFBC}") = "ShnobleDoble13", "ShnobleDoble13\ShnobleDoble13.csproj", "{6CAC048E-7234-40FA-895B-1859669E6FDF}"
EndProject
Global
	GlobalSection(SolutionConfigurationPlatforms) = preSolution
		Debug|Any CPU = Debug|Any CPU
		Release|Any CPU = Release|Any CPU
	EndGlobalSection
	GlobalSection(ProjectConfigurationPlatforms) = postSolution
		{6CAC048E-7234-40FA-895B-1859669E6FDF}.Debug|Any CPU.ActiveCfg = Debug|Any CPU
		{6CAC048E-7234-40FA-895B-1859669E6FDF}.Debug|Any CPU.Build.0 = Debug|Any CPU
		{6CAC048E-7234-40FA-895B-1859669E6FDF}.Release|Any CPU.ActiveCfg = Release|Any CPU
		{6CAC048E-7234-40FA-895B-1859669E6FDF}.Release|Any CPU.Build.0 = Release|Any CPU
	EndGlobalSection
	GlobalSection(SolutionProperties) = preSolution
		HideSolutionNode = FALSE
	EndGlobalSection
	GlobalSection(ExtensibilityGlobals) = postSolution
		SolutionGuid = {1CF6FC0F-17A3-4BF8-BAF1-545FBD108F8A}
	EndGlobalSection
EndGlobal
